
Microsoft Visual Studio Solution File, Format Version 12.00
# Visual Studio Version 17
VisualStudioVersion = 17.13.35825.156 d17.13
MinimumVisualStudioVersion = 10.0.40219.1
Project("{FAE04EC0-301F-11D3-BF4B-00C04F79EFBC}") = "Inventory System", "Inventory System\Inventory System.csproj", "{DAD1C9F2-DE4B-43C7-80E3-9C603389B4A4}"
EndProject
Global
	GlobalSection(SolutionConfigurationPlatforms) = preSolution
		Debug|Any CPU = Debug|Any CPU
		Release|Any CPU = Release|Any CPU
	EndGlobalSection
	GlobalSection(ProjectConfigurationPlatforms) = postSolution
		{DAD1C9F2-DE4B-43C7-80E3-9C603389B4A4}.Debug|Any CPU.ActiveCfg = Debug|Any CPU
		{DAD1C9F2-DE4B-43C7-80E3-9C603389B4A4}.Debug|Any CPU.Build.0 = Debug|Any CPU
		{DAD1C9F2-DE4B-43C7-80E3-9C603389B4A4}.Release|Any CPU.ActiveCfg = Release|Any CPU
		{DAD1C9F2-DE4B-43C7-80E3-9C603389B4A4}.Release|Any CPU.Build.0 = Release|Any CPU
	EndGlobalSection
	GlobalSection(SolutionProperties) = preSolution
		HideSolutionNode = FALSE
	EndGlobalSection
	GlobalSection(ExtensibilityGlobals) = postSolution
		SolutionGuid = {6FE48228-7D7A-4AA5-BB20-56C7B9872132}
	EndGlobalSection
EndGlobal
