
Microsoft Visual Studio Solution File, Format Version 12.00
# Visual Studio Version 17
VisualStudioVersion = 17.13.35825.156 d17.13
MinimumVisualStudioVersion = 10.0.40219.1
Project("{FAE04EC0-301F-11D3-BF4B-00C04F79EFBC}") = "DebuggingActivity1", "DebuggingActivity1\DebuggingActivity1.csproj", "{9499533E-7DA1-45F5-A136-27ADAE9CBB1C}"
EndProject
Global
	GlobalSection(SolutionConfigurationPlatforms) = preSolution
		Debug|Any CPU = Debug|Any CPU
		Release|Any CPU = Release|Any CPU
	EndGlobalSection
	GlobalSection(ProjectConfigurationPlatforms) = postSolution
		{9499533E-7DA1-45F5-A136-27ADAE9CBB1C}.Debug|Any CPU.ActiveCfg = Debug|Any CPU
		{9499533E-7DA1-45F5-A136-27ADAE9CBB1C}.Debug|Any CPU.Build.0 = Debug|Any CPU
		{9499533E-7DA1-45F5-A136-27ADAE9CBB1C}.Release|Any CPU.ActiveCfg = Release|Any CPU
		{9499533E-7DA1-45F5-A136-27ADAE9CBB1C}.Release|Any CPU.Build.0 = Release|Any CPU
	EndGlobalSection
	GlobalSection(SolutionProperties) = preSolution
		HideSolutionNode = FALSE
	EndGlobalSection
	GlobalSection(ExtensibilityGlobals) = postSolution
		SolutionGuid = {F6D6A1E7-EFEC-4C14-AB0D-9164B74A3449}
	EndGlobalSection
EndGlobal
